PODS:
  - Flutter (1.0.0)
  - flutter_inappwebview_ios (0.0.1):
    - Flutter
    - flutter_inappwebview_ios/Core (= 0.0.1)
    - OrderedSet (~> 6.0.3)
  - flutter_inappwebview_ios/Core (0.0.1):
    - Flutter
    - OrderedSet (~> 6.0.3)
  - OrderedSet (6.0.3)
  - wisetrack (2.5.0):
    - Flutter
    - WiseTrackLib (~> 2.5.0)
  - WiseTrackLib (2.5.0)

DEPENDENCIES:
  - Flutter (from `Flutter`)
  - flutter_inappwebview_ios (from `.symlinks/plugins/flutter_inappwebview_ios/ios`)
  - wisetrack (from `.symlinks/plugins/wisetrack/ios`)

SPEC REPOS:
  https://github.com/CocoaPods/Specs.git:
    - OrderedSet
    - WiseTrackLib

EXTERNAL SOURCES:
  Flutter:
    :path: Flutter
  flutter_inappwebview_ios:
    :path: ".symlinks/plugins/flutter_inappwebview_ios/ios"
  wisetrack:
    :path: ".symlinks/plugins/wisetrack/ios"

SPEC CHECKSUMS:
  Flutter: cabc95a1d2626b1b06e7179b784ebcf0c0cde467
  flutter_inappwebview_ios: b89ba3482b96fb25e00c967aae065701b66e9b99
  OrderedSet: e539b66b644ff081c73a262d24ad552a69be3a94
  wisetrack: 94fbef1f9b5d6def6ce613466cac9537203504c9
  WiseTrackLib: de4e927909eaf1b59da62cff9b53e9f4fa694b87

PODFILE CHECKSUM: b8d22e5d013e856b6001179c1fc5c9b7499d69f7

COCOAPODS: 1.16.2
