PODS:
  - Flutter (1.0.0)
  - integration_test (0.0.1):
    - Flutter
  - Sentry (8.49.2):
    - Sentry/Core (= 8.49.2)
  - Sentry/Core (8.49.2)
  - wisetrack (0.0.2):
    - Flutter
    - WiseTrackLib (~> 1.0.3)
  - WiseTrackLib (1.0.3):
    - Sentry (~> 8.49.0)

DEPENDENCIES:
  - Flutter (from `Flutter`)
  - integration_test (from `.symlinks/plugins/integration_test/ios`)
  - wisetrack (from `.symlinks/plugins/wisetrack/ios`)

SPEC REPOS:
  https://github.com/CocoaPods/Specs.git:
    - Sentry
    - WiseTrackLib

EXTERNAL SOURCES:
  Flutter:
    :path: Flutter
  integration_test:
    :path: ".symlinks/plugins/integration_test/ios"
  wisetrack:
    :path: ".symlinks/plugins/wisetrack/ios"

SPEC CHECKSUMS:
  Flutter: e0871f40cf51350855a761d2e70bf5af5b9b5de7
  integration_test: 4a889634ef21a45d28d50d622cf412dc6d9f586e
  Sentry: 47021097466aa130802420d485a34da445963d99
  wisetrack: 37b90831611f5974b216e6a9b81282515b68cb6b
  WiseTrackLib: 33ed61e9c07f4b7fbcb06d7f326eb0c54dc565da

PODFILE CHECKSUM: 2155b9e482eaefaeac58dd04b3f7f419812be7b4

COCOAPODS: 1.16.2
